
Microsoft Visual Studio Solution File, Format Version 12.00
# Visual Studio Version 17
VisualStudioVersion = 17.4.33403.182
MinimumVisualStudioVersion = 10.0.40219.1
Project("{FAE04EC0-301F-11D3-BF4B-00C04F79EFBC}") = "PokemonBackend", "PokemonBackend.csproj", "{F89B5A76-7B11-4B1A-9A07-A4CB5AAAC8D1}"
EndProject
Global
	GlobalSection(SolutionConfigurationPlatforms) = preSolution
		Debug|Any CPU = Debug|Any CPU
		Release|Any CPU = Release|Any CPU
	EndGlobalSection
	GlobalSection(ProjectConfigurationPlatforms) = postSolution
		{F89B5A76-7B11-4B1A-9A07-A4CB5AAAC8D1}.Debug|Any CPU.ActiveCfg = Debug|Any CPU
		{F89B5A76-7B11-4B1A-9A07-A4CB5AAAC8D1}.Debug|Any CPU.Build.0 = Debug|Any CPU
		{F89B5A76-7B11-4B1A-9A07-A4CB5AAAC8D1}.Release|Any CPU.ActiveCfg = Release|Any CPU
		{F89B5A76-7B11-4B1A-9A07-A4CB5AAAC8D1}.Release|Any CPU.Build.0 = Release|Any CPU
	EndGlobalSection
	GlobalSection(SolutionProperties) = preSolution
		HideSolutionNode = FALSE
	EndGlobalSection
	GlobalSection(ExtensibilityGlobals) = postSolution
		SolutionGuid = {FA5E8C8B-63F2-4C00-A56F-72F63238129D}
	EndGlobalSection
EndGlobal
